
Microsoft Visual Studio Solution File, Format Version 12.00
# Visual Studio Version 17
VisualStudioVersion = 17.5.33516.290
MinimumVisualStudioVersion = 10.0.40219.1
Project("{F184B08F-C81C-45F6-A57F-5ABD9991F28F}") = "New Wheel", "New Wheel\New Wheel.vbproj", "{194DFE72-5640-4493-AF3C-882A9AF127F6}"
EndProject
Global
	GlobalSection(SolutionConfigurationPlatforms) = preSolution
		Debug|Any CPU = Debug|Any CPU
		Release|Any CPU = Release|Any CPU
	EndGlobalSection
	GlobalSection(ProjectConfigurationPlatforms) = postSolution
		{194DFE72-5640-4493-AF3C-882A9AF127F6}.Debug|Any CPU.ActiveCfg = Debug|Any CPU
		{194DFE72-5640-4493-AF3C-882A9AF127F6}.Debug|Any CPU.Build.0 = Debug|Any CPU
		{194DFE72-5640-4493-AF3C-882A9AF127F6}.Release|Any CPU.ActiveCfg = Release|Any CPU
		{194DFE72-5640-4493-AF3C-882A9AF127F6}.Release|Any CPU.Build.0 = Release|Any CPU
	EndGlobalSection
	GlobalSection(SolutionProperties) = preSolution
		HideSolutionNode = FALSE
	EndGlobalSection
	GlobalSection(ExtensibilityGlobals) = postSolution
		SolutionGuid = {5130098D-E460-4F19-869A-F07FAAD0C7DC}
	EndGlobalSection
EndGlobal
